{
  "nodes": {
    "nixpkgs": {
      "locked": {
        "lastModified": 1722061360,
        "narHash": "sha256-1VVW4OOrpyKohagGDfaHAbRANad+OE+PnR4PDvF8vSU=",
        "owner": "NixOS",
        "repo": "nixpkgs",
        "rev": "4a39c8d0b533fd8347bf7a01609434b0949f2864",
        "type": "github"
      },
      "original": {
        "owner": "NixOS",
        "ref": "nixos-unstable-small",
        "repo": "nixpkgs",
        "type": "github"
      }
    },
    "root": {
      "inputs": {
        "nixpkgs": "nixpkgs"
      }
    }
  },
  "root": "root",
  "version": 7
}
